
Microsoft Visual Studio Solution File, Format Version 12.00
# Visual Studio 2013
VisualStudioVersion = 12.0.21005.1
MinimumVisualStudioVersion = 10.0.40219.1
Project("{FAE04EC0-301F-11D3-BF4B-00C04F79EFBC}") = "01. Fill the matrix", "01. Fill the matrix\01. Fill the matrix.csproj", "{9C2368E1-965A-49F2-B8A8-918D0A4A2025}"
EndProject
Project("{FAE04EC0-301F-11D3-BF4B-00C04F79EFBC}") = "02. Maximal sum", "02. Maximal sum\02. Maximal sum.csproj", "{E1CA1128-994D-41CA-BE27-A91699795CAC}"
EndProject
Project("{FAE04EC0-301F-11D3-BF4B-00C04F79EFBC}") = "03. Sequence in matrix", "03. Sequence in matrix\03. Sequence in matrix.csproj", "{91225B56-ECFB-4CC7-A7C8-837D83324A4A}"
EndProject
Global
	GlobalSection(SolutionConfigurationPlatforms) = preSolution
		Debug|Any CPU = Debug|Any CPU
		Release|Any CPU = Release|Any CPU
	EndGlobalSection
	GlobalSection(ProjectConfigurationPlatforms) = postSolution
		{9C2368E1-965A-49F2-B8A8-918D0A4A2025}.Debug|Any CPU.ActiveCfg = Debug|Any CPU
		{9C2368E1-965A-49F2-B8A8-918D0A4A2025}.Debug|Any CPU.Build.0 = Debug|Any CPU
		{9C2368E1-965A-49F2-B8A8-918D0A4A2025}.Release|Any CPU.ActiveCfg = Release|Any CPU
		{9C2368E1-965A-49F2-B8A8-918D0A4A2025}.Release|Any CPU.Build.0 = Release|Any CPU
		{E1CA1128-994D-41CA-BE27-A91699795CAC}.Debug|Any CPU.ActiveCfg = Debug|Any CPU
		{E1CA1128-994D-41CA-BE27-A91699795CAC}.Debug|Any CPU.Build.0 = Debug|Any CPU
		{E1CA1128-994D-41CA-BE27-A91699795CAC}.Release|Any CPU.ActiveCfg = Release|Any CPU
		{E1CA1128-994D-41CA-BE27-A91699795CAC}.Release|Any CPU.Build.0 = Release|Any CPU
		{91225B56-ECFB-4CC7-A7C8-837D83324A4A}.Debug|Any CPU.ActiveCfg = Debug|Any CPU
		{91225B56-ECFB-4CC7-A7C8-837D83324A4A}.Debug|Any CPU.Build.0 = Debug|Any CPU
		{91225B56-ECFB-4CC7-A7C8-837D83324A4A}.Release|Any CPU.ActiveCfg = Release|Any CPU
		{91225B56-ECFB-4CC7-A7C8-837D83324A4A}.Release|Any CPU.Build.0 = Release|Any CPU
	EndGlobalSection
	GlobalSection(SolutionProperties) = preSolution
		HideSolutionNode = FALSE
	EndGlobalSection
EndGlobal
