
Microsoft Visual Studio Solution File, Format Version 12.00
# Visual Studio 2013
VisualStudioVersion = 12.0.21005.1
MinimumVisualStudioVersion = 10.0.40219.1
Project("{FAE04EC0-301F-11D3-BF4B-00C04F79EFBC}") = "01.OddLines", "01.OddLines\01.OddLines.csproj", "{2A00F127-A229-45AD-90AF-04839EA64167}"
EndProject
Project("{FAE04EC0-301F-11D3-BF4B-00C04F79EFBC}") = "02.ConcatenateTextFiles", "02.ConcatenateTextFiles\02.ConcatenateTextFiles.csproj", "{A300D303-0E6A-4A03-9114-84FDD274EFAC}"
EndProject
Global
	GlobalSection(SolutionConfigurationPlatforms) = preSolution
		Debug|Any CPU = Debug|Any CPU
		Release|Any CPU = Release|Any CPU
	EndGlobalSection
	GlobalSection(ProjectConfigurationPlatforms) = postSolution
		{2A00F127-A229-45AD-90AF-04839EA64167}.Debug|Any CPU.ActiveCfg = Debug|Any CPU
		{2A00F127-A229-45AD-90AF-04839EA64167}.Debug|Any CPU.Build.0 = Debug|Any CPU
		{2A00F127-A229-45AD-90AF-04839EA64167}.Release|Any CPU.ActiveCfg = Release|Any CPU
		{2A00F127-A229-45AD-90AF-04839EA64167}.Release|Any CPU.Build.0 = Release|Any CPU
		{A300D303-0E6A-4A03-9114-84FDD274EFAC}.Debug|Any CPU.ActiveCfg = Debug|Any CPU
		{A300D303-0E6A-4A03-9114-84FDD274EFAC}.Debug|Any CPU.Build.0 = Debug|Any CPU
		{A300D303-0E6A-4A03-9114-84FDD274EFAC}.Release|Any CPU.ActiveCfg = Release|Any CPU
		{A300D303-0E6A-4A03-9114-84FDD274EFAC}.Release|Any CPU.Build.0 = Release|Any CPU
	EndGlobalSection
	GlobalSection(SolutionProperties) = preSolution
		HideSolutionNode = FALSE
	EndGlobalSection
EndGlobal
